{
  "name": "bitchat-PIN",
  "lockfileVersion": 3,
  "requires": true,
  "packages": {
    "": {
      "dependencies": {
        "brew": "^0.0.8",
        "xcodegen": "^2.2.0"
      }
    },
    "node_modules/brew": {
      "version": "0.0.8",
      "resolved": "https://registry.npmjs.org/brew/-/brew-0.0.8.tgz",
      "integrity": "sha512-BSTwOi8fIk8+7SbNmqhleUdjVZTewhYOqRb7zeSOk45sEx1ak6v1btoFl0WiaIbl1dsg4DFHQ4qefXpqXztMXA=="
    },
    "node_modules/xcodegen": {
      "version": "2.2.0",
      "resolved": "https://registry.npmjs.org/xcodegen/-/xcodegen-2.2.0.tgz",
      "integrity": "sha512-9PAcIZ06evEs/PKNFdiCHjO7ctLf7E9DSCIdd8cHWG8nVm40QotXBUNJgMbesTz+Y5muZKps3oJRBK2A0ko88A==",
      "license": "MIT",
      "bin": {
        "xcodegen": "bin/xcodegen"
      }
    }
  }
}
